
Microsoft Visual Studio Solution File, Format Version 11.00
# Visual Studio 2010
Project("{FAE04EC0-301F-11D3-BF4B-00C04F79EFBC}") = "001-Validation", "001-Validation\001-Validation.csproj", "{C467AE9E-B3EC-41C7-B2E0-4E2B34C5F5F3}"
EndProject
Project("{FAE04EC0-301F-11D3-BF4B-00C04F79EFBC}") = "002-Validation", "002-Validation\002-Validation.csproj", "{AF056A6A-80C8-4F6C-A926-F012E232D5ED}"
EndProject
Global
	GlobalSection(SolutionConfigurationPlatforms) = preSolution
		Debug|Any CPU = Debug|Any CPU
		Release|Any CPU = Release|Any CPU
	EndGlobalSection
	GlobalSection(ProjectConfigurationPlatforms) = postSolution
		{C467AE9E-B3EC-41C7-B2E0-4E2B34C5F5F3}.Debug|Any CPU.ActiveCfg = Debug|Any CPU
		{C467AE9E-B3EC-41C7-B2E0-4E2B34C5F5F3}.Debug|Any CPU.Build.0 = Debug|Any CPU
		{C467AE9E-B3EC-41C7-B2E0-4E2B34C5F5F3}.Release|Any CPU.ActiveCfg = Release|Any CPU
		{C467AE9E-B3EC-41C7-B2E0-4E2B34C5F5F3}.Release|Any CPU.Build.0 = Release|Any CPU
		{AF056A6A-80C8-4F6C-A926-F012E232D5ED}.Debug|Any CPU.ActiveCfg = Debug|Any CPU
		{AF056A6A-80C8-4F6C-A926-F012E232D5ED}.Debug|Any CPU.Build.0 = Debug|Any CPU
		{AF056A6A-80C8-4F6C-A926-F012E232D5ED}.Release|Any CPU.ActiveCfg = Release|Any CPU
		{AF056A6A-80C8-4F6C-A926-F012E232D5ED}.Release|Any CPU.Build.0 = Release|Any CPU
	EndGlobalSection
	GlobalSection(SolutionProperties) = preSolution
		HideSolutionNode = FALSE
	EndGlobalSection
EndGlobal
